
Microsoft Visual Studio Solution File, Format Version 12.00
# Visual Studio 15
VisualStudioVersion = 15.0.27004.2005
MinimumVisualStudioVersion = 10.0.40219.1
Project("{9A19103F-16F7-4668-BE54-9A1E7A4F7556}") = "MicroKnights.ConditionalFeature", "src\ConditionalFeature\MicroKnights.ConditionalFeature.csproj", "{5C06FC3B-6982-4B2D-A8EB-E20A1002AEB0}"
EndProject
Project("{9A19103F-16F7-4668-BE54-9A1E7A4F7556}") = "MicroKnights.ConditionalFeature.Configuration", "src\ConditionalFeatureConfig\MicroKnights.ConditionalFeature.Configuration.csproj", "{A93995EE-306B-4FFE-8ADC-EFF471EBB33C}"
EndProject
Project("{9A19103F-16F7-4668-BE54-9A1E7A4F7556}") = "MicroKnights.ConditionalFeature.Test", "test\MicroKnights.ConditionalFeature.Test.csproj", "{C73B9460-5C70-42ED-B5EC-80C425A785B6}"
EndProject
Project("{2150E333-8FDC-42A3-9474-1A3956D46DE8}") = "Doc", "Doc", "{A3EE66B4-CDBA-42F3-9652-775786C55D36}"
	ProjectSection(SolutionItems) = preProject
		README.md = README.md
	EndProjectSection
EndProject
Global
	GlobalSection(SolutionConfigurationPlatforms) = preSolution
		Debug|Any CPU = Debug|Any CPU
		Release|Any CPU = Release|Any CPU
	EndGlobalSection
	GlobalSection(ProjectConfigurationPlatforms) = postSolution
		{5C06FC3B-6982-4B2D-A8EB-E20A1002AEB0}.Debug|Any CPU.ActiveCfg = Debug|Any CPU
		{5C06FC3B-6982-4B2D-A8EB-E20A1002AEB0}.Debug|Any CPU.Build.0 = Debug|Any CPU
		{5C06FC3B-6982-4B2D-A8EB-E20A1002AEB0}.Release|Any CPU.ActiveCfg = Release|Any CPU
		{5C06FC3B-6982-4B2D-A8EB-E20A1002AEB0}.Release|Any CPU.Build.0 = Release|Any CPU
		{A93995EE-306B-4FFE-8ADC-EFF471EBB33C}.Debug|Any CPU.ActiveCfg = Debug|Any CPU
		{A93995EE-306B-4FFE-8ADC-EFF471EBB33C}.Debug|Any CPU.Build.0 = Debug|Any CPU
		{A93995EE-306B-4FFE-8ADC-EFF471EBB33C}.Release|Any CPU.ActiveCfg = Release|Any CPU
		{A93995EE-306B-4FFE-8ADC-EFF471EBB33C}.Release|Any CPU.Build.0 = Release|Any CPU
		{C73B9460-5C70-42ED-B5EC-80C425A785B6}.Debug|Any CPU.ActiveCfg = Debug|Any CPU
		{C73B9460-5C70-42ED-B5EC-80C425A785B6}.Debug|Any CPU.Build.0 = Debug|Any CPU
		{C73B9460-5C70-42ED-B5EC-80C425A785B6}.Release|Any CPU.ActiveCfg = Release|Any CPU
		{C73B9460-5C70-42ED-B5EC-80C425A785B6}.Release|Any CPU.Build.0 = Release|Any CPU
	EndGlobalSection
	GlobalSection(SolutionProperties) = preSolution
		HideSolutionNode = FALSE
	EndGlobalSection
	GlobalSection(ExtensibilityGlobals) = postSolution
		SolutionGuid = {73EEDC2D-462B-4FE7-B5ED-603FDF196041}
	EndGlobalSection
EndGlobal
